<?xml version="1.0" encoding="utf-8"?>
<Project ToolsVersion="4.0" xmlns="http://schemas.microsoft.com/developer/msbuild/2003">
  <ItemGroup>
    <Filter Include="Source Files">
      <UniqueIdentifier>{4FC737F1-C7A5-4376-A066-2A32D752A2FF}</UniqueIdentifier>
      <Extensions>cpp;c;cxx;def;odl;idl;hpj;bat;asm;asmx</Extensions>
    </Filter>
    <Filter Include="Header Files">
      <UniqueIdentifier>{93995380-89BD-4b04-88EB-625FBE52EBFB}</UniqueIdentifier>
      <Extensions>h;hpp;hxx;hm;inl;inc;xsd</Extensions>
    </Filter>
    <Filter Include="Source Files\filters">
      <UniqueIdentifier>{48d57c08-2d2f-4508-a161-18badc8ddf08}</UniqueIdentifier>
    </Filter>
    <Filter Include="Source Files\zip">
      <UniqueIdentifier>{a4e3fe67-f220-4499-b7d5-529108d8cce1}</UniqueIdentifier>
    </Filter>
    <Filter Include="Source Files\zip\zlib">
      <UniqueIdentifier>{37a6daf7-f624-4851-962f-d0e8ec67d4fe}</UniqueIdentifier>
    </Filter>
    <Filter Include="Source Files\zip\minizip">
      <UniqueIdentifier>{eaace7e6-b6bb-4807-a562-11bec4caaeb1}</UniqueIdentifier>
    </Filter>
    <Filter Include="Source Files\frontend">
      <UniqueIdentifier>{a18d684a-452e-4ae1-822c-29792654f581}</UniqueIdentifier>
    </Filter>
    <Filter Include="Source Files\frontend\ui">
      <UniqueIdentifier>{13999ce8-f32a-4140-ab1d-fcd1e918e415}</UniqueIdentifier>
    </Filter>
  </ItemGroup>
  <ItemGroup>
    <ClCompile Include="src\const\constant.cpp">
      <Filter>Source Files</Filter>
    </ClCompile>
    <ClCompile Include="src\io\fileio.cpp">
      <Filter>Source Files</Filter>
    </ClCompile>
    <ClCompile Include="src\audio\audiobuffer.cpp">
      <Filter>Source Files</Filter>
    </ClCompile>
    <ClCompile Include="src\gfx\SDL_gfxPrimitives.c">
      <Filter>Source Files</Filter>
    </ClCompile>
    <ClCompile Include="src\gfx\SDL_rotozoom.c">
      <Filter>Source Files</Filter>
    </ClCompile>
    <ClCompile Include="src\gfx\SDL_gfxBlitFunc.c">
      <Filter>Source Files</Filter>
    </ClCompile>
    <ClCompile Include="src\font\fonts.cpp">
      <Filter>Source Files</Filter>
    </ClCompile>
    <ClCompile Include="src\io\dirutil.cpp">
      <Filter>Source Files</Filter>
    </ClCompile>
    <ClCompile Include="src\io\joystick.cpp">
      <Filter>Source Files</Filter>
    </ClCompile>
    <ClCompile Include="src\io\JoyMapper.cpp">
      <Filter>Source Files</Filter>
    </ClCompile>
    <ClCompile Include="src\io\filelist.h">
      <Filter>Header Files</Filter>
    </ClCompile>
    <ClCompile Include="src\io\hqx_2\hq2x.c">
      <Filter>Source Files\filters</Filter>
    </ClCompile>
    <ClCompile Include="src\io\xbrz\xbrz.cpp">
      <Filter>Source Files\filters</Filter>
    </ClCompile>
    <ClCompile Include="src\io\hq2xbox\hq2xx.cpp">
      <Filter>Source Files\filters</Filter>
    </ClCompile>
    <ClCompile Include="src\io\hqx_2\hq3x.c">
      <Filter>Source Files\filters</Filter>
    </ClCompile>
    <ClCompile Include="src\unzip\zlib-1.2.11\adler32.c">
      <Filter>Source Files\zip\zlib</Filter>
    </ClCompile>
    <ClCompile Include="src\unzip\zlib-1.2.11\crc32.c">
      <Filter>Source Files\zip\zlib</Filter>
    </ClCompile>
    <ClCompile Include="src\unzip\zlib-1.2.11\inffast.c">
      <Filter>Source Files\zip\zlib</Filter>
    </ClCompile>
    <ClCompile Include="src\unzip\zlib-1.2.11\inflate.c">
      <Filter>Source Files\zip\zlib</Filter>
    </ClCompile>
    <ClCompile Include="src\unzip\zlib-1.2.11\inftrees.c">
      <Filter>Source Files\zip\zlib</Filter>
    </ClCompile>
    <ClCompile Include="src\io\hqx_2\init.c">
      <Filter>Source Files\filters</Filter>
    </ClCompile>
    <ClCompile Include="src\unzip\zlib-1.2.11\zutil.c">
      <Filter>Source Files\zip\zlib</Filter>
    </ClCompile>
    <ClCompile Include="src\unzip\minizip-1.2.5\ioapi.c">
      <Filter>Source Files\zip\minizip</Filter>
    </ClCompile>
    <ClCompile Include="src\unzip\minizip-1.2.5\unzip.c">
      <Filter>Source Files\zip\minizip</Filter>
    </ClCompile>
    <ClCompile Include="src\unzip\zlib-1.2.11\compress.c">
      <Filter>Source Files\zip\zlib</Filter>
    </ClCompile>
    <ClCompile Include="src\unzip\zlib-1.2.11\deflate.c">
      <Filter>Source Files\zip\zlib</Filter>
    </ClCompile>
    <ClCompile Include="src\unzip\zlib-1.2.11\gzclose.c">
      <Filter>Source Files\zip\zlib</Filter>
    </ClCompile>
    <ClCompile Include="src\unzip\zlib-1.2.11\gzlib.c">
      <Filter>Source Files\zip\zlib</Filter>
    </ClCompile>
    <ClCompile Include="src\unzip\zlib-1.2.11\gzread.c">
      <Filter>Source Files\zip\zlib</Filter>
    </ClCompile>
    <ClCompile Include="src\unzip\zlib-1.2.11\gzwrite.c">
      <Filter>Source Files\zip\zlib</Filter>
    </ClCompile>
    <ClCompile Include="src\unzip\zlib-1.2.11\infback.c">
      <Filter>Source Files\zip\zlib</Filter>
    </ClCompile>
    <ClCompile Include="src\unzip\zlib-1.2.11\trees.c">
      <Filter>Source Files\zip\zlib</Filter>
    </ClCompile>
    <ClCompile Include="src\unzip\zlib-1.2.11\uncompr.c">
      <Filter>Source Files\zip\zlib</Filter>
    </ClCompile>
    <ClCompile Include="src\salvia.cpp">
      <Filter>Source Files\frontend</Filter>
    </ClCompile>
    <ClCompile Include="src\engine.cpp">
      <Filter>Source Files\frontend</Filter>
    </ClCompile>
    <ClCompile Include="src\gamemenu.cpp">
      <Filter>Source Files\frontend</Filter>
    </ClCompile>
    <ClCompile Include="src\menus\gestormenus.cpp">
      <Filter>Source Files\frontend</Filter>
    </ClCompile>
    <ClCompile Include="src\io\hotkeys.cpp">
      <Filter>Source Files\frontend</Filter>
    </ClCompile>
    <ClCompile Include="src\io\cursorgestor.cpp">
      <Filter>Source Files\frontend\ui</Filter>
    </ClCompile>
    <ClCompile Include="src\uiobjects\listmenu.cpp">
      <Filter>Source Files\frontend\ui</Filter>
    </ClCompile>
    <ClCompile Include="src\uiobjects\image.cpp">
      <Filter>Source Files\frontend\ui</Filter>
    </ClCompile>
    <ClCompile Include="src\uiobjects\object.cpp">
      <Filter>Source Files\frontend\ui</Filter>
    </ClCompile>
    <ClCompile Include="src\uiobjects\textarea.cpp">
      <Filter>Source Files\frontend\ui</Filter>
    </ClCompile>
    <ClCompile Include="src\io\cfgloader.cpp">
      <Filter>Source Files\frontend</Filter>
    </ClCompile>
    <ClCompile Include="src\io\sync.cpp">
      <Filter>Source Files\frontend</Filter>
    </ClCompile>
    <ClCompile Include="src\utils\logger.cpp">
      <Filter>Source Files</Filter>
    </ClCompile>
  </ItemGroup>
  <ItemGroup>
    <ClInclude Include="src\const\constant.h">
      <Filter>Header Files</Filter>
    </ClInclude>
    <ClInclude Include="src\audio\audiobuffer.h">
      <Filter>Header Files</Filter>
    </ClInclude>
    <ClInclude Include="src\io\fileio.h">
      <Filter>Header Files</Filter>
    </ClInclude>
    <ClInclude Include="src\io\joystick.h">
      <Filter>Header Files</Filter>
    </ClInclude>
    <ClInclude Include="src\io\sync.h">
      <Filter>Header Files</Filter>
    </ClInclude>
    <ClInclude Include="src\engine.h">
      <Filter>Header Files</Filter>
    </ClInclude>
    <ClInclude Include="src\utils\logger.h">
      <Filter>Header Files</Filter>
    </ClInclude>
    <ClInclude Include="src\gfx\SDL_gfxPrimitives.h">
      <Filter>Header Files</Filter>
    </ClInclude>
    <ClInclude Include="src\gfx\SDL_gfxBlitFunc.h">
      <Filter>Header Files</Filter>
    </ClInclude>
    <ClInclude Include="src\gfx\SDL_gfxPrimitives_font.h">
      <Filter>Header Files</Filter>
    </ClInclude>
    <ClInclude Include="src\gfx\SDL_rotozoom.h">
      <Filter>Header Files</Filter>
    </ClInclude>
    <ClInclude Include="src\beans\structures.h">
      <Filter>Header Files</Filter>
    </ClInclude>
    <ClInclude Include="src\uiobjects\image.h">
      <Filter>Header Files</Filter>
    </ClInclude>
    <ClInclude Include="src\uiobjects\listmenu.h">
      <Filter>Header Files</Filter>
    </ClInclude>
    <ClInclude Include="src\uiobjects\object.h">
      <Filter>Header Files</Filter>
    </ClInclude>
    <ClInclude Include="src\uiobjects\textarea.h">
      <Filter>Header Files</Filter>
    </ClInclude>
    <ClInclude Include="src\uiobjects\tilemap.h">
      <Filter>Header Files</Filter>
    </ClInclude>
    <ClInclude Include="src\io\cfgloader.h">
      <Filter>Header Files</Filter>
    </ClInclude>
    <ClInclude Include="src\io\dirutil.h">
      <Filter>Header Files</Filter>
    </ClInclude>
    <ClInclude Include="src\io\fileprops.h">
      <Filter>Header Files</Filter>
    </ClInclude>
    <ClInclude Include="src\compat\dirent.h">
      <Filter>Header Files</Filter>
    </ClInclude>
    <ClInclude Include="src\gamemenu.h">
      <Filter>Header Files</Filter>
    </ClInclude>
    <ClInclude Include="src\font\fonts.h">
      <Filter>Header Files</Filter>
    </ClInclude>
    <ClInclude Include="src\gfx\gfx_utils.h">
      <Filter>Header Files</Filter>
    </ClInclude>
    <ClInclude Include="src\font\Arimo_Regular.ttf.h">
      <Filter>Header Files</Filter>
    </ClInclude>
    <ClInclude Include="src\io\joymapper.h">
      <Filter>Header Files</Filter>
    </ClInclude>
    <ClInclude Include="src\io\cursorgestor.h">
      <Filter>Header Files</Filter>
    </ClInclude>
    <ClInclude Include="src\unzip\GZipHelper.h">
      <Filter>Header Files</Filter>
    </ClInclude>
    <ClInclude Include="src\unzip\unziptool.h">
      <Filter>Header Files</Filter>
    </ClInclude>
    <ClInclude Include="src\menus\gestormenus.h">
      <Filter>Header Files</Filter>
    </ClInclude>
    <ClInclude Include="src\const\menuconst.h">
      <Filter>Header Files</Filter>
    </ClInclude>
    <ClInclude Include="src\so\launcher.h">
      <Filter>Header Files</Filter>
    </ClInclude>
    <ClInclude Include="src\const\cfgconst.h">
      <Filter>Header Files</Filter>
    </ClInclude>
    <ClInclude Include="src\libretro\vfs.h">
      <Filter>Header Files</Filter>
    </ClInclude>
    <ClInclude Include="src\io\video.h">
      <Filter>Source Files\filters</Filter>
    </ClInclude>
    <ClInclude Include="src\io\hq2xbox\hq2xx.h">
      <Filter>Source Files\filters</Filter>
    </ClInclude>
    <ClInclude Include="src\statesram.h">
      <Filter>Source Files\frontend</Filter>
    </ClInclude>
    <ClInclude Include="src\io\hotkeys.h">
      <Filter>Source Files\frontend</Filter>
    </ClInclude>
    <ClInclude Include="src\io\inputsmenu.h">
      <Filter>Source Files\frontend</Filter>
    </ClInclude>
    <ClInclude Include="src\io\inputscore.h">
      <Filter>Source Files\frontend</Filter>
    </ClInclude>
    <ClInclude Include="src\io\video_direct.h">
      <Filter>Source Files\filters</Filter>
    </ClInclude>
  </ItemGroup>
</Project>