<?xml version="1.0" encoding="utf-8"?>
<Project ToolsVersion="4.0" xmlns="http://schemas.microsoft.com/developer/msbuild/2003">
  <ItemGroup>
    <Filter Include="Source Files">
      <UniqueIdentifier>{4FC737F1-C7A5-4376-A066-2A32D752A2FF}</UniqueIdentifier>
      <Extensions>cpp;c;cxx;def;odl;idl;hpj;bat;asm;asmx</Extensions>
    </Filter>
    <Filter Include="Header Files">
      <UniqueIdentifier>{93995380-89BD-4b04-88EB-625FBE52EBFB}</UniqueIdentifier>
      <Extensions>h;hpp;hxx;hm;inl;inc;xsd</Extensions>
    </Filter>
  </ItemGroup>
  <ItemGroup>
    <ClCompile Include="src\salvia.cpp">
      <Filter>Source Files</Filter>
    </ClCompile>
    <ClCompile Include="src\engine.cpp">
      <Filter>Source Files</Filter>
    </ClCompile>
    <ClCompile Include="src\utils\logger.cpp">
      <Filter>Source Files</Filter>
    </ClCompile>
    <ClCompile Include="src\const\constant.cpp">
      <Filter>Source Files</Filter>
    </ClCompile>
    <ClCompile Include="src\io\sync.cpp">
      <Filter>Source Files</Filter>
    </ClCompile>
    <ClCompile Include="src\io\fileio.cpp">
      <Filter>Source Files</Filter>
    </ClCompile>
    <ClCompile Include="src\audio\audiobuffer.cpp">
      <Filter>Source Files</Filter>
    </ClCompile>
    <ClCompile Include="src\gfx\SDL_gfxPrimitives.c">
      <Filter>Source Files</Filter>
    </ClCompile>
    <ClCompile Include="src\gfx\SDL_rotozoom.c">
      <Filter>Source Files</Filter>
    </ClCompile>
    <ClCompile Include="src\gfx\SDL_gfxBlitFunc.c">
      <Filter>Source Files</Filter>
    </ClCompile>
    <ClCompile Include="src\font\fonts.cpp">
      <Filter>Source Files</Filter>
    </ClCompile>
    <ClCompile Include="src\io\dirutil.cpp">
      <Filter>Source Files</Filter>
    </ClCompile>
    <ClCompile Include="src\gamemenu.cpp">
      <Filter>Source Files</Filter>
    </ClCompile>
    <ClCompile Include="src\uiobjects\listmenu.cpp">
      <Filter>Source Files</Filter>
    </ClCompile>
    <ClCompile Include="src\uiobjects\textarea.cpp">
      <Filter>Source Files</Filter>
    </ClCompile>
    <ClCompile Include="src\uiobjects\image.cpp">
      <Filter>Source Files</Filter>
    </ClCompile>
    <ClCompile Include="src\uiobjects\object.cpp">
      <Filter>Source Files</Filter>
    </ClCompile>
    <ClCompile Include="src\io\joystick.cpp">
      <Filter>Source Files</Filter>
    </ClCompile>
    <ClCompile Include="src\io\cursorgestor.cpp">
      <Filter>Source Files</Filter>
    </ClCompile>
    <ClCompile Include="src\io\JoyMapper.cpp">
      <Filter>Source Files</Filter>
    </ClCompile>
    <ClCompile Include="src\io\filelist.h">
      <Filter>Header Files</Filter>
    </ClCompile>
    <ClCompile Include="src\unzip\minizip-1.2.5\ioapi.c">
      <Filter>Source Files</Filter>
    </ClCompile>
    <ClCompile Include="src\unzip\minizip-1.2.5\unzip.c">
      <Filter>Source Files</Filter>
    </ClCompile>
  </ItemGroup>
  <ItemGroup>
    <ClInclude Include="src\libretro.h">
      <Filter>Header Files</Filter>
    </ClInclude>
    <ClInclude Include="src\const\constant.h">
      <Filter>Header Files</Filter>
    </ClInclude>
    <ClInclude Include="src\audio\audiobuffer.h">
      <Filter>Header Files</Filter>
    </ClInclude>
    <ClInclude Include="src\io\fileio.h">
      <Filter>Header Files</Filter>
    </ClInclude>
    <ClInclude Include="src\io\joystick.h">
      <Filter>Header Files</Filter>
    </ClInclude>
    <ClInclude Include="src\io\video.h">
      <Filter>Header Files</Filter>
    </ClInclude>
    <ClInclude Include="src\io\sync.h">
      <Filter>Header Files</Filter>
    </ClInclude>
    <ClInclude Include="src\engine.h">
      <Filter>Header Files</Filter>
    </ClInclude>
    <ClInclude Include="src\utils\logger.h">
      <Filter>Header Files</Filter>
    </ClInclude>
    <ClInclude Include="src\gfx\SDL_gfxPrimitives.h">
      <Filter>Header Files</Filter>
    </ClInclude>
    <ClInclude Include="src\gfx\SDL_gfxBlitFunc.h">
      <Filter>Header Files</Filter>
    </ClInclude>
    <ClInclude Include="src\gfx\SDL_gfxPrimitives_font.h">
      <Filter>Header Files</Filter>
    </ClInclude>
    <ClInclude Include="src\gfx\SDL_rotozoom.h">
      <Filter>Header Files</Filter>
    </ClInclude>
    <ClInclude Include="src\beans\structures.h">
      <Filter>Header Files</Filter>
    </ClInclude>
    <ClInclude Include="src\uiobjects\image.h">
      <Filter>Header Files</Filter>
    </ClInclude>
    <ClInclude Include="src\uiobjects\listmenu.h">
      <Filter>Header Files</Filter>
    </ClInclude>
    <ClInclude Include="src\uiobjects\object.h">
      <Filter>Header Files</Filter>
    </ClInclude>
    <ClInclude Include="src\uiobjects\textarea.h">
      <Filter>Header Files</Filter>
    </ClInclude>
    <ClInclude Include="src\uiobjects\tilemap.h">
      <Filter>Header Files</Filter>
    </ClInclude>
    <ClInclude Include="src\io\cfgloader.h">
      <Filter>Header Files</Filter>
    </ClInclude>
    <ClInclude Include="src\io\dirutil.h">
      <Filter>Header Files</Filter>
    </ClInclude>
    <ClInclude Include="src\io\fileprops.h">
      <Filter>Header Files</Filter>
    </ClInclude>
    <ClInclude Include="src\compat\dirent.h">
      <Filter>Header Files</Filter>
    </ClInclude>
    <ClInclude Include="src\gamemenu.h">
      <Filter>Header Files</Filter>
    </ClInclude>
    <ClInclude Include="src\font\fonts.h">
      <Filter>Header Files</Filter>
    </ClInclude>
    <ClInclude Include="src\gfx\gfx_utils.h">
      <Filter>Header Files</Filter>
    </ClInclude>
    <ClInclude Include="src\font\Arimo_Regular.ttf.h">
      <Filter>Header Files</Filter>
    </ClInclude>
    <ClInclude Include="src\io\joymapper.h">
      <Filter>Header Files</Filter>
    </ClInclude>
    <ClInclude Include="src\io\cursorgestor.h">
      <Filter>Header Files</Filter>
    </ClInclude>
    <ClInclude Include="src\unzip\GZipHelper.h">
      <Filter>Header Files</Filter>
    </ClInclude>
    <ClInclude Include="src\unzip\unziptool.h">
      <Filter>Header Files</Filter>
    </ClInclude>
  </ItemGroup>
</Project>