
Microsoft Visual Studio Solution File, Format Version 11.00
# Visual Studio 2010
Project("{8BC9CEB8-8B4A-11D0-8D11-00A0C91BC942}") = "Salvia", "Salvia.vcxproj", "{18DFBCD7-520F-4659-A7B3-75C102713C21}"
EndProject
Project("{8BC9CEB8-8B4A-11D0-8D11-00A0C91BC942}") = "libSDLx360", "libs\libSDLx360\libSDLx360.vcxproj", "{AD499DA6-1348-4309-8D37-ADBFFB3AFF8E}"
EndProject
Project("{8BC9CEB8-8B4A-11D0-8D11-00A0C91BC942}") = "SDL_ttf360", "libs\SDL_ttf360\SDL_ttf360.vcxproj", "{E1276D9A-E2AC-4D34-A8B5-57BEC7B6E09F}"
EndProject
Global
	GlobalSection(SolutionConfigurationPlatforms) = preSolution
		Debug_beetle_psx|Win32 = Debug_beetle_psx|Win32
		Debug_beetle_psx|Xbox 360 = Debug_beetle_psx|Xbox 360
		Debug_beetlepce|Win32 = Debug_beetlepce|Win32
		Debug_beetlepce|Xbox 360 = Debug_beetlepce|Xbox 360
		Debug_beetlepcefast|Win32 = Debug_beetlepcefast|Win32
		Debug_beetlepcefast|Xbox 360 = Debug_beetlepcefast|Xbox 360
		Debug_Gambatte|Win32 = Debug_Gambatte|Win32
		Debug_Gambatte|Xbox 360 = Debug_Gambatte|Xbox 360
		Debug_Nestopia|Win32 = Debug_Nestopia|Win32
		Debug_Nestopia|Xbox 360 = Debug_Nestopia|Xbox 360
		Debug_pcsx|Win32 = Debug_pcsx|Win32
		Debug_pcsx|Xbox 360 = Debug_pcsx|Xbox 360
		Debug_picodrive|Win32 = Debug_picodrive|Win32
		Debug_picodrive|Xbox 360 = Debug_picodrive|Xbox 360
		Debug_Snes9x_latest|Win32 = Debug_Snes9x_latest|Win32
		Debug_Snes9x_latest|Xbox 360 = Debug_Snes9x_latest|Xbox 360
		Debug_Snes9x|Win32 = Debug_Snes9x|Win32
		Debug_Snes9x|Xbox 360 = Debug_Snes9x|Xbox 360
		Debug_vbanext|Win32 = Debug_vbanext|Win32
		Debug_vbanext|Xbox 360 = Debug_vbanext|Xbox 360
		Debug|Win32 = Debug|Win32
		Debug|Xbox 360 = Debug|Xbox 360
		Release_beetle_psx|Win32 = Release_beetle_psx|Win32
		Release_beetle_psx|Xbox 360 = Release_beetle_psx|Xbox 360
		Release_beetlepce|Win32 = Release_beetlepce|Win32
		Release_beetlepce|Xbox 360 = Release_beetlepce|Xbox 360
		Release_beetlepcefast|Win32 = Release_beetlepcefast|Win32
		Release_beetlepcefast|Xbox 360 = Release_beetlepcefast|Xbox 360
		Release_Gambatte|Win32 = Release_Gambatte|Win32
		Release_Gambatte|Xbox 360 = Release_Gambatte|Xbox 360
		Release_Nestopia|Win32 = Release_Nestopia|Win32
		Release_Nestopia|Xbox 360 = Release_Nestopia|Xbox 360
		Release_pcsx|Win32 = Release_pcsx|Win32
		Release_pcsx|Xbox 360 = Release_pcsx|Xbox 360
		Release_pcsxr_360|Win32 = Release_pcsxr_360|Win32
		Release_pcsxr_360|Xbox 360 = Release_pcsxr_360|Xbox 360
		Release_picodrive|Win32 = Release_picodrive|Win32
		Release_picodrive|Xbox 360 = Release_picodrive|Xbox 360
		Release_Snes9x_latest|Win32 = Release_Snes9x_latest|Win32
		Release_Snes9x_latest|Xbox 360 = Release_Snes9x_latest|Xbox 360
		Release_Snes9x|Win32 = Release_Snes9x|Win32
		Release_Snes9x|Xbox 360 = Release_Snes9x|Xbox 360
		Release_vbanext|Win32 = Release_vbanext|Win32
		Release_vbanext|Xbox 360 = Release_vbanext|Xbox 360
		Release|Win32 = Release|Win32
		Release|Xbox 360 = Release|Xbox 360
	EndGlobalSection
	GlobalSection(ProjectConfigurationPlatforms) = postSolution
		{18DFBCD7-520F-4659-A7B3-75C102713C21}.Debug_beetle_psx|Win32.ActiveCfg = Debug_beetle_psx|Win32
		{18DFBCD7-520F-4659-A7B3-75C102713C21}.Debug_beetle_psx|Win32.Build.0 = Debug_beetle_psx|Win32
		{18DFBCD7-520F-4659-A7B3-75C102713C21}.Debug_beetle_psx|Xbox 360.ActiveCfg = Debug_beetle_psx|Xbox 360
		{18DFBCD7-520F-4659-A7B3-75C102713C21}.Debug_beetle_psx|Xbox 360.Build.0 = Debug_beetle_psx|Xbox 360
		{18DFBCD7-520F-4659-A7B3-75C102713C21}.Debug_beetle_psx|Xbox 360.Deploy.0 = Debug_beetle_psx|Xbox 360
		{18DFBCD7-520F-4659-A7B3-75C102713C21}.Debug_beetlepce|Win32.ActiveCfg = Debug_beetlepce|Win32
		{18DFBCD7-520F-4659-A7B3-75C102713C21}.Debug_beetlepce|Win32.Build.0 = Debug_beetlepce|Win32
		{18DFBCD7-520F-4659-A7B3-75C102713C21}.Debug_beetlepce|Xbox 360.ActiveCfg = Debug_beetlepce|Xbox 360
		{18DFBCD7-520F-4659-A7B3-75C102713C21}.Debug_beetlepce|Xbox 360.Build.0 = Debug_beetlepce|Xbox 360
		{18DFBCD7-520F-4659-A7B3-75C102713C21}.Debug_beetlepce|Xbox 360.Deploy.0 = Debug_beetlepce|Xbox 360
		{18DFBCD7-520F-4659-A7B3-75C102713C21}.Debug_beetlepcefast|Win32.ActiveCfg = Debug_beetlepcefast|Win32
		{18DFBCD7-520F-4659-A7B3-75C102713C21}.Debug_beetlepcefast|Win32.Build.0 = Debug_beetlepcefast|Win32
		{18DFBCD7-520F-4659-A7B3-75C102713C21}.Debug_beetlepcefast|Xbox 360.ActiveCfg = Debug_beetlepcefast|Xbox 360
		{18DFBCD7-520F-4659-A7B3-75C102713C21}.Debug_beetlepcefast|Xbox 360.Build.0 = Debug_beetlepcefast|Xbox 360
		{18DFBCD7-520F-4659-A7B3-75C102713C21}.Debug_beetlepcefast|Xbox 360.Deploy.0 = Debug_beetlepcefast|Xbox 360
		{18DFBCD7-520F-4659-A7B3-75C102713C21}.Debug_Gambatte|Win32.ActiveCfg = Debug_Gambatte|Win32
		{18DFBCD7-520F-4659-A7B3-75C102713C21}.Debug_Gambatte|Win32.Build.0 = Debug_Gambatte|Win32
		{18DFBCD7-520F-4659-A7B3-75C102713C21}.Debug_Gambatte|Xbox 360.ActiveCfg = Debug_Gambatte|Xbox 360
		{18DFBCD7-520F-4659-A7B3-75C102713C21}.Debug_Gambatte|Xbox 360.Build.0 = Debug_Gambatte|Xbox 360
		{18DFBCD7-520F-4659-A7B3-75C102713C21}.Debug_Gambatte|Xbox 360.Deploy.0 = Debug_Gambatte|Xbox 360
		{18DFBCD7-520F-4659-A7B3-75C102713C21}.Debug_Nestopia|Win32.ActiveCfg = Debug_Nestopia|Win32
		{18DFBCD7-520F-4659-A7B3-75C102713C21}.Debug_Nestopia|Win32.Build.0 = Debug_Nestopia|Win32
		{18DFBCD7-520F-4659-A7B3-75C102713C21}.Debug_Nestopia|Xbox 360.ActiveCfg = Debug_Nestopia|Xbox 360
		{18DFBCD7-520F-4659-A7B3-75C102713C21}.Debug_Nestopia|Xbox 360.Build.0 = Debug_Nestopia|Xbox 360
		{18DFBCD7-520F-4659-A7B3-75C102713C21}.Debug_Nestopia|Xbox 360.Deploy.0 = Debug_Nestopia|Xbox 360
		{18DFBCD7-520F-4659-A7B3-75C102713C21}.Debug_pcsx|Win32.ActiveCfg = Debug_pcsx|Win32
		{18DFBCD7-520F-4659-A7B3-75C102713C21}.Debug_pcsx|Win32.Build.0 = Debug_pcsx|Win32
		{18DFBCD7-520F-4659-A7B3-75C102713C21}.Debug_pcsx|Xbox 360.ActiveCfg = Debug_pcsx|Xbox 360
		{18DFBCD7-520F-4659-A7B3-75C102713C21}.Debug_pcsx|Xbox 360.Build.0 = Debug_pcsx|Xbox 360
		{18DFBCD7-520F-4659-A7B3-75C102713C21}.Debug_pcsx|Xbox 360.Deploy.0 = Debug_pcsx|Xbox 360
		{18DFBCD7-520F-4659-A7B3-75C102713C21}.Debug_picodrive|Win32.ActiveCfg = Debug_picodrive|Win32
		{18DFBCD7-520F-4659-A7B3-75C102713C21}.Debug_picodrive|Win32.Build.0 = Debug_picodrive|Win32
		{18DFBCD7-520F-4659-A7B3-75C102713C21}.Debug_picodrive|Xbox 360.ActiveCfg = Debug_picodrive|Xbox 360
		{18DFBCD7-520F-4659-A7B3-75C102713C21}.Debug_picodrive|Xbox 360.Build.0 = Debug_picodrive|Xbox 360
		{18DFBCD7-520F-4659-A7B3-75C102713C21}.Debug_picodrive|Xbox 360.Deploy.0 = Debug_picodrive|Xbox 360
		{18DFBCD7-520F-4659-A7B3-75C102713C21}.Debug_Snes9x_latest|Win32.ActiveCfg = Debug_Snes9x_latest|Win32
		{18DFBCD7-520F-4659-A7B3-75C102713C21}.Debug_Snes9x_latest|Win32.Build.0 = Debug_Snes9x_latest|Win32
		{18DFBCD7-520F-4659-A7B3-75C102713C21}.Debug_Snes9x_latest|Xbox 360.ActiveCfg = Debug_Snes9x_latest|Xbox 360
		{18DFBCD7-520F-4659-A7B3-75C102713C21}.Debug_Snes9x_latest|Xbox 360.Build.0 = Debug_Snes9x_latest|Xbox 360
		{18DFBCD7-520F-4659-A7B3-75C102713C21}.Debug_Snes9x_latest|Xbox 360.Deploy.0 = Debug_Snes9x_latest|Xbox 360
		{18DFBCD7-520F-4659-A7B3-75C102713C21}.Debug_Snes9x|Win32.ActiveCfg = Debug_Snes9x|Win32
		{18DFBCD7-520F-4659-A7B3-75C102713C21}.Debug_Snes9x|Win32.Build.0 = Debug_Snes9x|Win32
		{18DFBCD7-520F-4659-A7B3-75C102713C21}.Debug_Snes9x|Xbox 360.ActiveCfg = Debug_Snes9x|Xbox 360
		{18DFBCD7-520F-4659-A7B3-75C102713C21}.Debug_Snes9x|Xbox 360.Build.0 = Debug_Snes9x|Xbox 360
		{18DFBCD7-520F-4659-A7B3-75C102713C21}.Debug_Snes9x|Xbox 360.Deploy.0 = Debug_Snes9x|Xbox 360
		{18DFBCD7-520F-4659-A7B3-75C102713C21}.Debug_vbanext|Win32.ActiveCfg = Debug_vbanext|Win32
		{18DFBCD7-520F-4659-A7B3-75C102713C21}.Debug_vbanext|Win32.Build.0 = Debug_vbanext|Win32
		{18DFBCD7-520F-4659-A7B3-75C102713C21}.Debug_vbanext|Xbox 360.ActiveCfg = Debug_vbanext|Xbox 360
		{18DFBCD7-520F-4659-A7B3-75C102713C21}.Debug_vbanext|Xbox 360.Build.0 = Debug_vbanext|Xbox 360
		{18DFBCD7-520F-4659-A7B3-75C102713C21}.Debug_vbanext|Xbox 360.Deploy.0 = Debug_vbanext|Xbox 360
		{18DFBCD7-520F-4659-A7B3-75C102713C21}.Debug|Win32.ActiveCfg = Debug|Win32
		{18DFBCD7-520F-4659-A7B3-75C102713C21}.Debug|Win32.Build.0 = Debug|Win32
		{18DFBCD7-520F-4659-A7B3-75C102713C21}.Debug|Xbox 360.ActiveCfg = Debug|Xbox 360
		{18DFBCD7-520F-4659-A7B3-75C102713C21}.Debug|Xbox 360.Build.0 = Debug|Xbox 360
		{18DFBCD7-520F-4659-A7B3-75C102713C21}.Debug|Xbox 360.Deploy.0 = Debug|Xbox 360
		{18DFBCD7-520F-4659-A7B3-75C102713C21}.Release_beetle_psx|Win32.ActiveCfg = Release_beetle_psx|Win32
		{18DFBCD7-520F-4659-A7B3-75C102713C21}.Release_beetle_psx|Win32.Build.0 = Release_beetle_psx|Win32
		{18DFBCD7-520F-4659-A7B3-75C102713C21}.Release_beetle_psx|Xbox 360.ActiveCfg = Release_beetle_psx|Xbox 360
		{18DFBCD7-520F-4659-A7B3-75C102713C21}.Release_beetle_psx|Xbox 360.Build.0 = Release_beetle_psx|Xbox 360
		{18DFBCD7-520F-4659-A7B3-75C102713C21}.Release_beetle_psx|Xbox 360.Deploy.0 = Release_beetle_psx|Xbox 360
		{18DFBCD7-520F-4659-A7B3-75C102713C21}.Release_beetlepce|Win32.ActiveCfg = Release_beetlepce|Win32
		{18DFBCD7-520F-4659-A7B3-75C102713C21}.Release_beetlepce|Win32.Build.0 = Release_beetlepce|Win32
		{18DFBCD7-520F-4659-A7B3-75C102713C21}.Release_beetlepce|Xbox 360.ActiveCfg = Release_beetlepce|Xbox 360
		{18DFBCD7-520F-4659-A7B3-75C102713C21}.Release_beetlepce|Xbox 360.Build.0 = Release_beetlepce|Xbox 360
		{18DFBCD7-520F-4659-A7B3-75C102713C21}.Release_beetlepce|Xbox 360.Deploy.0 = Release_beetlepce|Xbox 360
		{18DFBCD7-520F-4659-A7B3-75C102713C21}.Release_beetlepcefast|Win32.ActiveCfg = Release_beetlepcefast|Win32
		{18DFBCD7-520F-4659-A7B3-75C102713C21}.Release_beetlepcefast|Win32.Build.0 = Release_beetlepcefast|Win32
		{18DFBCD7-520F-4659-A7B3-75C102713C21}.Release_beetlepcefast|Xbox 360.ActiveCfg = Release_beetlepcefast|Xbox 360
		{18DFBCD7-520F-4659-A7B3-75C102713C21}.Release_beetlepcefast|Xbox 360.Build.0 = Release_beetlepcefast|Xbox 360
		{18DFBCD7-520F-4659-A7B3-75C102713C21}.Release_beetlepcefast|Xbox 360.Deploy.0 = Release_beetlepcefast|Xbox 360
		{18DFBCD7-520F-4659-A7B3-75C102713C21}.Release_Gambatte|Win32.ActiveCfg = Release_Gambatte|Win32
		{18DFBCD7-520F-4659-A7B3-75C102713C21}.Release_Gambatte|Win32.Build.0 = Release_Gambatte|Win32
		{18DFBCD7-520F-4659-A7B3-75C102713C21}.Release_Gambatte|Xbox 360.ActiveCfg = Release_Gambatte|Xbox 360
		{18DFBCD7-520F-4659-A7B3-75C102713C21}.Release_Gambatte|Xbox 360.Build.0 = Release_Gambatte|Xbox 360
		{18DFBCD7-520F-4659-A7B3-75C102713C21}.Release_Gambatte|Xbox 360.Deploy.0 = Release_Gambatte|Xbox 360
		{18DFBCD7-520F-4659-A7B3-75C102713C21}.Release_Nestopia|Win32.ActiveCfg = Release_Nestopia|Win32
		{18DFBCD7-520F-4659-A7B3-75C102713C21}.Release_Nestopia|Win32.Build.0 = Release_Nestopia|Win32
		{18DFBCD7-520F-4659-A7B3-75C102713C21}.Release_Nestopia|Xbox 360.ActiveCfg = Release_Nestopia|Xbox 360
		{18DFBCD7-520F-4659-A7B3-75C102713C21}.Release_Nestopia|Xbox 360.Build.0 = Release_Nestopia|Xbox 360
		{18DFBCD7-520F-4659-A7B3-75C102713C21}.Release_Nestopia|Xbox 360.Deploy.0 = Release_Nestopia|Xbox 360
		{18DFBCD7-520F-4659-A7B3-75C102713C21}.Release_pcsx|Win32.ActiveCfg = Release_pcsx|Win32
		{18DFBCD7-520F-4659-A7B3-75C102713C21}.Release_pcsx|Win32.Build.0 = Release_pcsx|Win32
		{18DFBCD7-520F-4659-A7B3-75C102713C21}.Release_pcsx|Xbox 360.ActiveCfg = Release_pcsx|Xbox 360
		{18DFBCD7-520F-4659-A7B3-75C102713C21}.Release_pcsx|Xbox 360.Build.0 = Release_pcsx|Xbox 360
		{18DFBCD7-520F-4659-A7B3-75C102713C21}.Release_pcsx|Xbox 360.Deploy.0 = Release_pcsx|Xbox 360
		{18DFBCD7-520F-4659-A7B3-75C102713C21}.Release_pcsxr_360|Win32.ActiveCfg = Release_pcsxr_360|Win32
		{18DFBCD7-520F-4659-A7B3-75C102713C21}.Release_pcsxr_360|Win32.Build.0 = Release_pcsxr_360|Win32
		{18DFBCD7-520F-4659-A7B3-75C102713C21}.Release_pcsxr_360|Xbox 360.ActiveCfg = Release_pcsxr_360|Xbox 360
		{18DFBCD7-520F-4659-A7B3-75C102713C21}.Release_pcsxr_360|Xbox 360.Build.0 = Release_pcsxr_360|Xbox 360
		{18DFBCD7-520F-4659-A7B3-75C102713C21}.Release_pcsxr_360|Xbox 360.Deploy.0 = Release_pcsxr_360|Xbox 360
		{18DFBCD7-520F-4659-A7B3-75C102713C21}.Release_picodrive|Win32.ActiveCfg = Release_picodrive|Win32
		{18DFBCD7-520F-4659-A7B3-75C102713C21}.Release_picodrive|Win32.Build.0 = Release_picodrive|Win32
		{18DFBCD7-520F-4659-A7B3-75C102713C21}.Release_picodrive|Xbox 360.ActiveCfg = Release_picodrive|Xbox 360
		{18DFBCD7-520F-4659-A7B3-75C102713C21}.Release_picodrive|Xbox 360.Build.0 = Release_picodrive|Xbox 360
		{18DFBCD7-520F-4659-A7B3-75C102713C21}.Release_picodrive|Xbox 360.Deploy.0 = Release_picodrive|Xbox 360
		{18DFBCD7-520F-4659-A7B3-75C102713C21}.Release_Snes9x_latest|Win32.ActiveCfg = Release_Snes9x_latest|Win32
		{18DFBCD7-520F-4659-A7B3-75C102713C21}.Release_Snes9x_latest|Win32.Build.0 = Release_Snes9x_latest|Win32
		{18DFBCD7-520F-4659-A7B3-75C102713C21}.Release_Snes9x_latest|Xbox 360.ActiveCfg = Release_Snes9x_latest|Xbox 360
		{18DFBCD7-520F-4659-A7B3-75C102713C21}.Release_Snes9x_latest|Xbox 360.Build.0 = Release_Snes9x_latest|Xbox 360
		{18DFBCD7-520F-4659-A7B3-75C102713C21}.Release_Snes9x_latest|Xbox 360.Deploy.0 = Release_Snes9x_latest|Xbox 360
		{18DFBCD7-520F-4659-A7B3-75C102713C21}.Release_Snes9x|Win32.ActiveCfg = Release_Snes9x|Win32
		{18DFBCD7-520F-4659-A7B3-75C102713C21}.Release_Snes9x|Win32.Build.0 = Release_Snes9x|Win32
		{18DFBCD7-520F-4659-A7B3-75C102713C21}.Release_Snes9x|Xbox 360.ActiveCfg = Release_Snes9x|Xbox 360
		{18DFBCD7-520F-4659-A7B3-75C102713C21}.Release_Snes9x|Xbox 360.Build.0 = Release_Snes9x|Xbox 360
		{18DFBCD7-520F-4659-A7B3-75C102713C21}.Release_Snes9x|Xbox 360.Deploy.0 = Release_Snes9x|Xbox 360
		{18DFBCD7-520F-4659-A7B3-75C102713C21}.Release_vbanext|Win32.ActiveCfg = Release_vbanext|Win32
		{18DFBCD7-520F-4659-A7B3-75C102713C21}.Release_vbanext|Win32.Build.0 = Release_vbanext|Win32
		{18DFBCD7-520F-4659-A7B3-75C102713C21}.Release_vbanext|Xbox 360.ActiveCfg = Release_vbanext|Xbox 360
		{18DFBCD7-520F-4659-A7B3-75C102713C21}.Release_vbanext|Xbox 360.Build.0 = Release_vbanext|Xbox 360
		{18DFBCD7-520F-4659-A7B3-75C102713C21}.Release_vbanext|Xbox 360.Deploy.0 = Release_vbanext|Xbox 360
		{18DFBCD7-520F-4659-A7B3-75C102713C21}.Release|Win32.ActiveCfg = Release|Win32
		{18DFBCD7-520F-4659-A7B3-75C102713C21}.Release|Win32.Build.0 = Release|Win32
		{18DFBCD7-520F-4659-A7B3-75C102713C21}.Release|Xbox 360.ActiveCfg = Release|Xbox 360
		{18DFBCD7-520F-4659-A7B3-75C102713C21}.Release|Xbox 360.Build.0 = Release|Xbox 360
		{AD499DA6-1348-4309-8D37-ADBFFB3AFF8E}.Debug_beetle_psx|Win32.ActiveCfg = Debug_beetle_psx|Win32
		{AD499DA6-1348-4309-8D37-ADBFFB3AFF8E}.Debug_beetle_psx|Xbox 360.ActiveCfg = Debug_beetle_psx|Xbox 360
		{AD499DA6-1348-4309-8D37-ADBFFB3AFF8E}.Debug_beetle_psx|Xbox 360.Deploy.0 = Debug_beetle_psx|Xbox 360
		{AD499DA6-1348-4309-8D37-ADBFFB3AFF8E}.Debug_beetlepce|Win32.ActiveCfg = Debug_beetlepce|Win32
		{AD499DA6-1348-4309-8D37-ADBFFB3AFF8E}.Debug_beetlepce|Win32.Build.0 = Debug_beetlepce|Win32
		{AD499DA6-1348-4309-8D37-ADBFFB3AFF8E}.Debug_beetlepce|Xbox 360.ActiveCfg = Debug_beetlepce|Xbox 360
		{AD499DA6-1348-4309-8D37-ADBFFB3AFF8E}.Debug_beetlepce|Xbox 360.Build.0 = Debug_beetlepce|Xbox 360
		{AD499DA6-1348-4309-8D37-ADBFFB3AFF8E}.Debug_beetlepce|Xbox 360.Deploy.0 = Debug_beetlepce|Xbox 360
		{AD499DA6-1348-4309-8D37-ADBFFB3AFF8E}.Debug_beetlepcefast|Win32.ActiveCfg = Debug_beetlepce|Xbox 360
		{AD499DA6-1348-4309-8D37-ADBFFB3AFF8E}.Debug_beetlepcefast|Xbox 360.ActiveCfg = Debug_beetlepce|Xbox 360
		{AD499DA6-1348-4309-8D37-ADBFFB3AFF8E}.Debug_beetlepcefast|Xbox 360.Build.0 = Debug_beetlepce|Xbox 360
		{AD499DA6-1348-4309-8D37-ADBFFB3AFF8E}.Debug_beetlepcefast|Xbox 360.Deploy.0 = Debug_beetlepce|Xbox 360
		{AD499DA6-1348-4309-8D37-ADBFFB3AFF8E}.Debug_Gambatte|Win32.ActiveCfg = Debug|Xbox 360
		{AD499DA6-1348-4309-8D37-ADBFFB3AFF8E}.Debug_Gambatte|Xbox 360.ActiveCfg = Debug|Xbox 360
		{AD499DA6-1348-4309-8D37-ADBFFB3AFF8E}.Debug_Gambatte|Xbox 360.Build.0 = Debug|Xbox 360
		{AD499DA6-1348-4309-8D37-ADBFFB3AFF8E}.Debug_Gambatte|Xbox 360.Deploy.0 = Debug|Xbox 360
		{AD499DA6-1348-4309-8D37-ADBFFB3AFF8E}.Debug_Nestopia|Win32.ActiveCfg = Debug|Xbox 360
		{AD499DA6-1348-4309-8D37-ADBFFB3AFF8E}.Debug_Nestopia|Xbox 360.ActiveCfg = Debug|Xbox 360
		{AD499DA6-1348-4309-8D37-ADBFFB3AFF8E}.Debug_Nestopia|Xbox 360.Build.0 = Debug|Xbox 360
		{AD499DA6-1348-4309-8D37-ADBFFB3AFF8E}.Debug_Nestopia|Xbox 360.Deploy.0 = Debug|Xbox 360
		{AD499DA6-1348-4309-8D37-ADBFFB3AFF8E}.Debug_pcsx|Win32.ActiveCfg = Debug_pcsx|Win32
		{AD499DA6-1348-4309-8D37-ADBFFB3AFF8E}.Debug_pcsx|Xbox 360.ActiveCfg = Debug_pcsx|Xbox 360
		{AD499DA6-1348-4309-8D37-ADBFFB3AFF8E}.Debug_picodrive|Win32.ActiveCfg = Debug_picodrive|Win32
		{AD499DA6-1348-4309-8D37-ADBFFB3AFF8E}.Debug_picodrive|Xbox 360.ActiveCfg = Debug_picodrive|Xbox 360
		{AD499DA6-1348-4309-8D37-ADBFFB3AFF8E}.Debug_picodrive|Xbox 360.Deploy.0 = Debug_picodrive|Xbox 360
		{AD499DA6-1348-4309-8D37-ADBFFB3AFF8E}.Debug_Snes9x_latest|Win32.ActiveCfg = Debug_Snes9x_latest|Win32
		{AD499DA6-1348-4309-8D37-ADBFFB3AFF8E}.Debug_Snes9x_latest|Xbox 360.ActiveCfg = Debug_Snes9x_latest|Xbox 360
		{AD499DA6-1348-4309-8D37-ADBFFB3AFF8E}.Debug_Snes9x|Win32.ActiveCfg = Debug_Snes9x|Win32
		{AD499DA6-1348-4309-8D37-ADBFFB3AFF8E}.Debug_Snes9x|Xbox 360.ActiveCfg = Debug_Snes9x|Xbox 360
		{AD499DA6-1348-4309-8D37-ADBFFB3AFF8E}.Debug_Snes9x|Xbox 360.Build.0 = Debug_Snes9x|Xbox 360
		{AD499DA6-1348-4309-8D37-ADBFFB3AFF8E}.Debug_Snes9x|Xbox 360.Deploy.0 = Debug_Snes9x|Xbox 360
		{AD499DA6-1348-4309-8D37-ADBFFB3AFF8E}.Debug_vbanext|Win32.ActiveCfg = Debug_vbanext|Win32
		{AD499DA6-1348-4309-8D37-ADBFFB3AFF8E}.Debug_vbanext|Win32.Build.0 = Debug_vbanext|Win32
		{AD499DA6-1348-4309-8D37-ADBFFB3AFF8E}.Debug_vbanext|Xbox 360.ActiveCfg = Debug_vbanext|Xbox 360
		{AD499DA6-1348-4309-8D37-ADBFFB3AFF8E}.Debug_vbanext|Xbox 360.Build.0 = Debug_vbanext|Xbox 360
		{AD499DA6-1348-4309-8D37-ADBFFB3AFF8E}.Debug_vbanext|Xbox 360.Deploy.0 = Debug_vbanext|Xbox 360
		{AD499DA6-1348-4309-8D37-ADBFFB3AFF8E}.Debug|Win32.ActiveCfg = Debug|Win32
		{AD499DA6-1348-4309-8D37-ADBFFB3AFF8E}.Debug|Xbox 360.ActiveCfg = Debug|Xbox 360
		{AD499DA6-1348-4309-8D37-ADBFFB3AFF8E}.Release_beetle_psx|Win32.ActiveCfg = Release_beetle_psx|Win32
		{AD499DA6-1348-4309-8D37-ADBFFB3AFF8E}.Release_beetle_psx|Xbox 360.ActiveCfg = Release_beetle_psx|Xbox 360
		{AD499DA6-1348-4309-8D37-ADBFFB3AFF8E}.Release_beetle_psx|Xbox 360.Deploy.0 = Release_beetle_psx|Xbox 360
		{AD499DA6-1348-4309-8D37-ADBFFB3AFF8E}.Release_beetlepce|Win32.ActiveCfg = Release_vbanext|Xbox 360
		{AD499DA6-1348-4309-8D37-ADBFFB3AFF8E}.Release_beetlepce|Xbox 360.ActiveCfg = Release_vbanext|Xbox 360
		{AD499DA6-1348-4309-8D37-ADBFFB3AFF8E}.Release_beetlepcefast|Win32.ActiveCfg = Release_beetlepcefast|Win32
		{AD499DA6-1348-4309-8D37-ADBFFB3AFF8E}.Release_beetlepcefast|Win32.Build.0 = Release_beetlepcefast|Win32
		{AD499DA6-1348-4309-8D37-ADBFFB3AFF8E}.Release_beetlepcefast|Xbox 360.ActiveCfg = Release_beetlepcefast|Xbox 360
		{AD499DA6-1348-4309-8D37-ADBFFB3AFF8E}.Release_Gambatte|Win32.ActiveCfg = Release_Gambatte|Win32
		{AD499DA6-1348-4309-8D37-ADBFFB3AFF8E}.Release_Gambatte|Xbox 360.ActiveCfg = Release_Gambatte|Xbox 360
		{AD499DA6-1348-4309-8D37-ADBFFB3AFF8E}.Release_Nestopia|Win32.ActiveCfg = Release_LTCG|Xbox 360
		{AD499DA6-1348-4309-8D37-ADBFFB3AFF8E}.Release_Nestopia|Xbox 360.ActiveCfg = Release|Xbox 360
		{AD499DA6-1348-4309-8D37-ADBFFB3AFF8E}.Release_pcsx|Win32.ActiveCfg = Release_pcsx|Win32
		{AD499DA6-1348-4309-8D37-ADBFFB3AFF8E}.Release_pcsx|Xbox 360.ActiveCfg = Release_pcsx|Xbox 360
		{AD499DA6-1348-4309-8D37-ADBFFB3AFF8E}.Release_pcsx|Xbox 360.Deploy.0 = Release_pcsx|Xbox 360
		{AD499DA6-1348-4309-8D37-ADBFFB3AFF8E}.Release_pcsxr_360|Win32.ActiveCfg = Release_pcsxr_360|Win32
		{AD499DA6-1348-4309-8D37-ADBFFB3AFF8E}.Release_pcsxr_360|Xbox 360.ActiveCfg = Release_pcsxr_360|Xbox 360
		{AD499DA6-1348-4309-8D37-ADBFFB3AFF8E}.Release_picodrive|Win32.ActiveCfg = Release_picodrive|Win32
		{AD499DA6-1348-4309-8D37-ADBFFB3AFF8E}.Release_picodrive|Xbox 360.ActiveCfg = Release_picodrive|Xbox 360
		{AD499DA6-1348-4309-8D37-ADBFFB3AFF8E}.Release_picodrive|Xbox 360.Deploy.0 = Release_picodrive|Xbox 360
		{AD499DA6-1348-4309-8D37-ADBFFB3AFF8E}.Release_Snes9x_latest|Win32.ActiveCfg = Release_Snes9x_latest|Win32
		{AD499DA6-1348-4309-8D37-ADBFFB3AFF8E}.Release_Snes9x_latest|Xbox 360.ActiveCfg = Release_Snes9x_latest|Xbox 360
		{AD499DA6-1348-4309-8D37-ADBFFB3AFF8E}.Release_Snes9x|Win32.ActiveCfg = Release_Snes9x|Win32
		{AD499DA6-1348-4309-8D37-ADBFFB3AFF8E}.Release_Snes9x|Xbox 360.ActiveCfg = Release_Snes9x|Xbox 360
		{AD499DA6-1348-4309-8D37-ADBFFB3AFF8E}.Release_vbanext|Win32.ActiveCfg = Release_vbanext|Win32
		{AD499DA6-1348-4309-8D37-ADBFFB3AFF8E}.Release_vbanext|Win32.Build.0 = Release_vbanext|Win32
		{AD499DA6-1348-4309-8D37-ADBFFB3AFF8E}.Release_vbanext|Xbox 360.ActiveCfg = Release_vbanext|Xbox 360
		{AD499DA6-1348-4309-8D37-ADBFFB3AFF8E}.Release|Win32.ActiveCfg = Release|Win32
		{AD499DA6-1348-4309-8D37-ADBFFB3AFF8E}.Release|Xbox 360.ActiveCfg = Release|Xbox 360
		{E1276D9A-E2AC-4D34-A8B5-57BEC7B6E09F}.Debug_beetle_psx|Win32.ActiveCfg = Debug_beetle_psx|Win32
		{E1276D9A-E2AC-4D34-A8B5-57BEC7B6E09F}.Debug_beetle_psx|Xbox 360.ActiveCfg = Debug_beetle_psx|Xbox 360
		{E1276D9A-E2AC-4D34-A8B5-57BEC7B6E09F}.Debug_beetle_psx|Xbox 360.Deploy.0 = Debug_beetle_psx|Xbox 360
		{E1276D9A-E2AC-4D34-A8B5-57BEC7B6E09F}.Debug_beetlepce|Win32.ActiveCfg = Debug_beetlepce|Win32
		{E1276D9A-E2AC-4D34-A8B5-57BEC7B6E09F}.Debug_beetlepce|Win32.Build.0 = Debug_beetlepce|Win32
		{E1276D9A-E2AC-4D34-A8B5-57BEC7B6E09F}.Debug_beetlepce|Xbox 360.ActiveCfg = Debug_beetlepce|Xbox 360
		{E1276D9A-E2AC-4D34-A8B5-57BEC7B6E09F}.Debug_beetlepce|Xbox 360.Build.0 = Debug_beetlepce|Xbox 360
		{E1276D9A-E2AC-4D34-A8B5-57BEC7B6E09F}.Debug_beetlepce|Xbox 360.Deploy.0 = Debug_beetlepce|Xbox 360
		{E1276D9A-E2AC-4D34-A8B5-57BEC7B6E09F}.Debug_beetlepcefast|Win32.ActiveCfg = Debug_beetlepce|Xbox 360
		{E1276D9A-E2AC-4D34-A8B5-57BEC7B6E09F}.Debug_beetlepcefast|Xbox 360.ActiveCfg = Debug_beetlepce|Xbox 360
		{E1276D9A-E2AC-4D34-A8B5-57BEC7B6E09F}.Debug_beetlepcefast|Xbox 360.Build.0 = Debug_beetlepce|Xbox 360
		{E1276D9A-E2AC-4D34-A8B5-57BEC7B6E09F}.Debug_beetlepcefast|Xbox 360.Deploy.0 = Debug_beetlepce|Xbox 360
		{E1276D9A-E2AC-4D34-A8B5-57BEC7B6E09F}.Debug_Gambatte|Win32.ActiveCfg = Debug|Xbox 360
		{E1276D9A-E2AC-4D34-A8B5-57BEC7B6E09F}.Debug_Gambatte|Xbox 360.ActiveCfg = Debug|Xbox 360
		{E1276D9A-E2AC-4D34-A8B5-57BEC7B6E09F}.Debug_Gambatte|Xbox 360.Build.0 = Debug|Xbox 360
		{E1276D9A-E2AC-4D34-A8B5-57BEC7B6E09F}.Debug_Gambatte|Xbox 360.Deploy.0 = Debug|Xbox 360
		{E1276D9A-E2AC-4D34-A8B5-57BEC7B6E09F}.Debug_Nestopia|Win32.ActiveCfg = Debug|Xbox 360
		{E1276D9A-E2AC-4D34-A8B5-57BEC7B6E09F}.Debug_Nestopia|Xbox 360.ActiveCfg = Debug|Xbox 360
		{E1276D9A-E2AC-4D34-A8B5-57BEC7B6E09F}.Debug_Nestopia|Xbox 360.Build.0 = Debug|Xbox 360
		{E1276D9A-E2AC-4D34-A8B5-57BEC7B6E09F}.Debug_Nestopia|Xbox 360.Deploy.0 = Debug|Xbox 360
		{E1276D9A-E2AC-4D34-A8B5-57BEC7B6E09F}.Debug_pcsx|Win32.ActiveCfg = Debug_pcsx|Win32
		{E1276D9A-E2AC-4D34-A8B5-57BEC7B6E09F}.Debug_pcsx|Xbox 360.ActiveCfg = Debug_pcsx|Xbox 360
		{E1276D9A-E2AC-4D34-A8B5-57BEC7B6E09F}.Debug_picodrive|Win32.ActiveCfg = Debug_picodrive|Win32
		{E1276D9A-E2AC-4D34-A8B5-57BEC7B6E09F}.Debug_picodrive|Xbox 360.ActiveCfg = Debug_picodrive|Xbox 360
		{E1276D9A-E2AC-4D34-A8B5-57BEC7B6E09F}.Debug_picodrive|Xbox 360.Deploy.0 = Debug_picodrive|Xbox 360
		{E1276D9A-E2AC-4D34-A8B5-57BEC7B6E09F}.Debug_Snes9x_latest|Win32.ActiveCfg = Debug_Snes9x_latest|Win32
		{E1276D9A-E2AC-4D34-A8B5-57BEC7B6E09F}.Debug_Snes9x_latest|Xbox 360.ActiveCfg = Debug_Snes9x_latest|Xbox 360
		{E1276D9A-E2AC-4D34-A8B5-57BEC7B6E09F}.Debug_Snes9x|Win32.ActiveCfg = Debug_Snes9x|Win32
		{E1276D9A-E2AC-4D34-A8B5-57BEC7B6E09F}.Debug_Snes9x|Xbox 360.ActiveCfg = Debug_Snes9x|Xbox 360
		{E1276D9A-E2AC-4D34-A8B5-57BEC7B6E09F}.Debug_Snes9x|Xbox 360.Build.0 = Debug_Snes9x|Xbox 360
		{E1276D9A-E2AC-4D34-A8B5-57BEC7B6E09F}.Debug_Snes9x|Xbox 360.Deploy.0 = Debug_Snes9x|Xbox 360
		{E1276D9A-E2AC-4D34-A8B5-57BEC7B6E09F}.Debug_vbanext|Win32.ActiveCfg = Debug_vbanext|Win32
		{E1276D9A-E2AC-4D34-A8B5-57BEC7B6E09F}.Debug_vbanext|Win32.Build.0 = Debug_vbanext|Win32
		{E1276D9A-E2AC-4D34-A8B5-57BEC7B6E09F}.Debug_vbanext|Xbox 360.ActiveCfg = Debug_vbanext|Xbox 360
		{E1276D9A-E2AC-4D34-A8B5-57BEC7B6E09F}.Debug_vbanext|Xbox 360.Build.0 = Debug_vbanext|Xbox 360
		{E1276D9A-E2AC-4D34-A8B5-57BEC7B6E09F}.Debug_vbanext|Xbox 360.Deploy.0 = Debug_vbanext|Xbox 360
		{E1276D9A-E2AC-4D34-A8B5-57BEC7B6E09F}.Debug|Win32.ActiveCfg = Debug|Win32
		{E1276D9A-E2AC-4D34-A8B5-57BEC7B6E09F}.Debug|Xbox 360.ActiveCfg = Debug|Xbox 360
		{E1276D9A-E2AC-4D34-A8B5-57BEC7B6E09F}.Release_beetle_psx|Win32.ActiveCfg = Release_beetle_psx|Win32
		{E1276D9A-E2AC-4D34-A8B5-57BEC7B6E09F}.Release_beetle_psx|Xbox 360.ActiveCfg = Release_beetle_psx|Xbox 360
		{E1276D9A-E2AC-4D34-A8B5-57BEC7B6E09F}.Release_beetle_psx|Xbox 360.Deploy.0 = Release_beetle_psx|Xbox 360
		{E1276D9A-E2AC-4D34-A8B5-57BEC7B6E09F}.Release_beetlepce|Win32.ActiveCfg = Release_vbanext|Xbox 360
		{E1276D9A-E2AC-4D34-A8B5-57BEC7B6E09F}.Release_beetlepce|Xbox 360.ActiveCfg = Release_vbanext|Xbox 360
		{E1276D9A-E2AC-4D34-A8B5-57BEC7B6E09F}.Release_beetlepcefast|Win32.ActiveCfg = Release_beetlepcefast|Win32
		{E1276D9A-E2AC-4D34-A8B5-57BEC7B6E09F}.Release_beetlepcefast|Win32.Build.0 = Release_beetlepcefast|Win32
		{E1276D9A-E2AC-4D34-A8B5-57BEC7B6E09F}.Release_beetlepcefast|Xbox 360.ActiveCfg = Release_beetlepcefast|Xbox 360
		{E1276D9A-E2AC-4D34-A8B5-57BEC7B6E09F}.Release_Gambatte|Win32.ActiveCfg = Release_Gambatte|Win32
		{E1276D9A-E2AC-4D34-A8B5-57BEC7B6E09F}.Release_Gambatte|Xbox 360.ActiveCfg = Release_Gambatte|Xbox 360
		{E1276D9A-E2AC-4D34-A8B5-57BEC7B6E09F}.Release_Nestopia|Win32.ActiveCfg = Release_LTCG|Xbox 360
		{E1276D9A-E2AC-4D34-A8B5-57BEC7B6E09F}.Release_Nestopia|Xbox 360.ActiveCfg = Release|Xbox 360
		{E1276D9A-E2AC-4D34-A8B5-57BEC7B6E09F}.Release_pcsx|Win32.ActiveCfg = Release_pcsx|Win32
		{E1276D9A-E2AC-4D34-A8B5-57BEC7B6E09F}.Release_pcsx|Xbox 360.ActiveCfg = Release_pcsx|Xbox 360
		{E1276D9A-E2AC-4D34-A8B5-57BEC7B6E09F}.Release_pcsx|Xbox 360.Deploy.0 = Release_pcsx|Xbox 360
		{E1276D9A-E2AC-4D34-A8B5-57BEC7B6E09F}.Release_pcsxr_360|Win32.ActiveCfg = Release_pcsxr_360|Win32
		{E1276D9A-E2AC-4D34-A8B5-57BEC7B6E09F}.Release_pcsxr_360|Xbox 360.ActiveCfg = Release_pcsxr_360|Xbox 360
		{E1276D9A-E2AC-4D34-A8B5-57BEC7B6E09F}.Release_picodrive|Win32.ActiveCfg = Release_picodrive|Win32
		{E1276D9A-E2AC-4D34-A8B5-57BEC7B6E09F}.Release_picodrive|Xbox 360.ActiveCfg = Release_picodrive|Xbox 360
		{E1276D9A-E2AC-4D34-A8B5-57BEC7B6E09F}.Release_picodrive|Xbox 360.Deploy.0 = Release_picodrive|Xbox 360
		{E1276D9A-E2AC-4D34-A8B5-57BEC7B6E09F}.Release_Snes9x_latest|Win32.ActiveCfg = Release_Snes9x_latest|Win32
		{E1276D9A-E2AC-4D34-A8B5-57BEC7B6E09F}.Release_Snes9x_latest|Xbox 360.ActiveCfg = Release_Snes9x_latest|Xbox 360
		{E1276D9A-E2AC-4D34-A8B5-57BEC7B6E09F}.Release_Snes9x|Win32.ActiveCfg = Release_Snes9x|Win32
		{E1276D9A-E2AC-4D34-A8B5-57BEC7B6E09F}.Release_Snes9x|Xbox 360.ActiveCfg = Release_Snes9x|Xbox 360
		{E1276D9A-E2AC-4D34-A8B5-57BEC7B6E09F}.Release_vbanext|Win32.ActiveCfg = Release_vbanext|Win32
		{E1276D9A-E2AC-4D34-A8B5-57BEC7B6E09F}.Release_vbanext|Win32.Build.0 = Release_vbanext|Win32
		{E1276D9A-E2AC-4D34-A8B5-57BEC7B6E09F}.Release_vbanext|Xbox 360.ActiveCfg = Release_vbanext|Xbox 360
		{E1276D9A-E2AC-4D34-A8B5-57BEC7B6E09F}.Release|Win32.ActiveCfg = Release|Win32
		{E1276D9A-E2AC-4D34-A8B5-57BEC7B6E09F}.Release|Xbox 360.ActiveCfg = Release|Xbox 360
	EndGlobalSection
	GlobalSection(SolutionProperties) = preSolution
		HideSolutionNode = FALSE
	EndGlobalSection
EndGlobal
