
Microsoft Visual Studio Solution File, Format Version 11.00
# Visual Studio 2010
Project("{8BC9CEB8-8B4A-11D0-8D11-00A0C91BC942}") = "3dox_libretro", "3dox_libretro.vcxproj", "{A7E3C9D1-4B2F-4E6A-9C8D-1F2E3A4B5C6D}"
EndProject
Global
	GlobalSection(SolutionConfigurationPlatforms) = preSolution
		Debug|Win32 = Debug|Win32
		Debug|Xbox 360 = Debug|Xbox 360
		Release|Win32 = Release|Win32
		Release|Xbox 360 = Release|Xbox 360
	EndGlobalSection
	GlobalSection(ProjectConfigurationPlatforms) = postSolution
		{A7E3C9D1-4B2F-4E6A-9C8D-1F2E3A4B5C6D}.Debug|Win32.ActiveCfg = Debug|Win32
		{A7E3C9D1-4B2F-4E6A-9C8D-1F2E3A4B5C6D}.Debug|Win32.Build.0 = Debug|Win32
		{A7E3C9D1-4B2F-4E6A-9C8D-1F2E3A4B5C6D}.Debug|Xbox 360.ActiveCfg = Debug|Xbox 360
		{A7E3C9D1-4B2F-4E6A-9C8D-1F2E3A4B5C6D}.Debug|Xbox 360.Build.0 = Debug|Xbox 360
		{A7E3C9D1-4B2F-4E6A-9C8D-1F2E3A4B5C6D}.Debug|Xbox 360.Deploy.0 = Debug|Xbox 360
		{A7E3C9D1-4B2F-4E6A-9C8D-1F2E3A4B5C6D}.Release|Win32.ActiveCfg = Release|Win32
		{A7E3C9D1-4B2F-4E6A-9C8D-1F2E3A4B5C6D}.Release|Win32.Build.0 = Release|Win32
		{A7E3C9D1-4B2F-4E6A-9C8D-1F2E3A4B5C6D}.Release|Xbox 360.ActiveCfg = Release|Xbox 360
		{A7E3C9D1-4B2F-4E6A-9C8D-1F2E3A4B5C6D}.Release|Xbox 360.Build.0 = Release|Xbox 360
		{A7E3C9D1-4B2F-4E6A-9C8D-1F2E3A4B5C6D}.Release|Xbox 360.Deploy.0 = Release|Xbox 360
	EndGlobalSection
	GlobalSection(SolutionProperties) = preSolution
		HideSolutionNode = FALSE
	EndGlobalSection
EndGlobal
