<?xml version="1.0" encoding="utf-8"?>
<Project ToolsVersion="4.0" xmlns="http://schemas.microsoft.com/developer/msbuild/2003">
  <ItemGroup>
    <Filter Include="Source Files">
      <UniqueIdentifier>{4FC737F1-C7A5-4376-A066-2A32D752A2FF}</UniqueIdentifier>
      <Extensions>cpp;c;cc;cxx;def;odl;idl;hpj;bat;asm;asmx</Extensions>
    </Filter>
    <Filter Include="Header Files">
      <UniqueIdentifier>{93995380-89BD-4b04-88EB-625FBE52EBFB}</UniqueIdentifier>
      <Extensions>h;hpp;hxx;hm;inl;inc;xsd</Extensions>
    </Filter>
    <Filter Include="Resource Files">
      <UniqueIdentifier>{67DA6AB6-F800-4c08-8B7A-83BB121AAD01}</UniqueIdentifier>
      <Extensions>rc;ico;cur;bmp;dlg;rc2;rct;bin;rgs;gif;jpg;jpeg;jpe;resx;tiff;tif;png;wav;mfcribbon-ms</Extensions>
    </Filter>
  </ItemGroup>
  <ItemGroup>
    <None Include="ReadMe.txt" />
  </ItemGroup>
  <ItemGroup>
    <ClCompile Include="..\libgambatte\src\bootloader.cpp">
      <Filter>Source Files</Filter>
    </ClCompile>
    <ClCompile Include="..\libgambatte\src\cpu.cpp">
      <Filter>Source Files</Filter>
    </ClCompile>
    <ClCompile Include="..\libgambatte\src\gambatte.cpp">
      <Filter>Source Files</Filter>
    </ClCompile>
    <ClCompile Include="..\libgambatte\src\gambatte-memory.cpp">
      <Filter>Source Files</Filter>
    </ClCompile>
    <ClCompile Include="..\libgambatte\src\initstate.cpp">
      <Filter>Source Files</Filter>
    </ClCompile>
    <ClCompile Include="..\libgambatte\src\interrupter.cpp">
      <Filter>Source Files</Filter>
    </ClCompile>
    <ClCompile Include="..\libgambatte\src\interruptrequester.cpp">
      <Filter>Source Files</Filter>
    </ClCompile>
    <ClCompile Include="..\libgambatte\src\sound.cpp">
      <Filter>Source Files</Filter>
    </ClCompile>
    <ClCompile Include="..\libgambatte\src\statesaver.cpp">
      <Filter>Source Files</Filter>
    </ClCompile>
    <ClCompile Include="..\libgambatte\src\tima.cpp">
      <Filter>Source Files</Filter>
    </ClCompile>
    <ClCompile Include="..\libgambatte\src\video.cpp">
      <Filter>Source Files</Filter>
    </ClCompile>
    <ClCompile Include="..\libgambatte\src\video_libretro.cpp">
      <Filter>Source Files</Filter>
    </ClCompile>
    <ClCompile Include="..\libgambatte\src\mem\cartridge.cpp">
      <Filter>Source Files</Filter>
    </ClCompile>
    <ClCompile Include="..\libgambatte\src\mem\cartridge_libretro.cpp">
      <Filter>Source Files</Filter>
    </ClCompile>
    <ClCompile Include="..\libgambatte\src\mem\huc3.cpp">
      <Filter>Source Files</Filter>
    </ClCompile>
    <ClCompile Include="..\libgambatte\src\mem\memptrs.cpp">
      <Filter>Source Files</Filter>
    </ClCompile>
    <ClCompile Include="..\libgambatte\src\mem\rtc.cpp">
      <Filter>Source Files</Filter>
    </ClCompile>
    <ClCompile Include="..\libgambatte\src\sound\channel1.cpp">
      <Filter>Source Files</Filter>
    </ClCompile>
    <ClCompile Include="..\libgambatte\src\sound\channel2.cpp">
      <Filter>Source Files</Filter>
    </ClCompile>
    <ClCompile Include="..\libgambatte\src\sound\channel3.cpp">
      <Filter>Source Files</Filter>
    </ClCompile>
    <ClCompile Include="..\libgambatte\src\sound\channel4.cpp">
      <Filter>Source Files</Filter>
    </ClCompile>
    <ClCompile Include="..\libgambatte\src\sound\duty_unit.cpp">
      <Filter>Source Files</Filter>
    </ClCompile>
    <ClCompile Include="..\libgambatte\src\sound\envelope_unit.cpp">
      <Filter>Source Files</Filter>
    </ClCompile>
    <ClCompile Include="..\libgambatte\src\sound\length_counter.cpp">
      <Filter>Source Files</Filter>
    </ClCompile>
    <ClCompile Include="..\libgambatte\src\video\ly_counter.cpp">
      <Filter>Source Files</Filter>
    </ClCompile>
    <ClCompile Include="..\libgambatte\src\video\lyc_irq.cpp">
      <Filter>Source Files</Filter>
    </ClCompile>
    <ClCompile Include="..\libgambatte\src\video\next_m0_time.cpp">
      <Filter>Source Files</Filter>
    </ClCompile>
    <ClCompile Include="..\libgambatte\src\video\ppu.cpp">
      <Filter>Source Files</Filter>
    </ClCompile>
    <ClCompile Include="..\libgambatte\src\video\sprite_mapper.cpp">
      <Filter>Source Files</Filter>
    </ClCompile>
    <ClCompile Include="..\libgambatte\libretro\libretro.cpp">
      <Filter>Source Files</Filter>
    </ClCompile>
    <ClCompile Include="..\libgambatte\libretro\blipper.c">
      <Filter>Source Files</Filter>
    </ClCompile>
    <ClCompile Include="..\libgambatte\libretro\gambatte_log.c">
      <Filter>Source Files</Filter>
    </ClCompile>
    <ClCompile Include="..\libgambatte\libretro-common\compat\compat_posix_string.c">
      <Filter>Source Files</Filter>
    </ClCompile>
    <ClCompile Include="..\libgambatte\libretro-common\compat\compat_snprintf.c">
      <Filter>Source Files</Filter>
    </ClCompile>
    <ClCompile Include="..\libgambatte\libretro-common\compat\compat_strcasestr.c">
      <Filter>Source Files</Filter>
    </ClCompile>
    <ClCompile Include="..\libgambatte\libretro-common\compat\compat_strl.c">
      <Filter>Source Files</Filter>
    </ClCompile>
    <ClCompile Include="..\libgambatte\libretro-common\compat\fopen_utf8.c">
      <Filter>Source Files</Filter>
    </ClCompile>
    <ClCompile Include="..\libgambatte\libretro-common\encodings\encoding_utf.c">
      <Filter>Source Files</Filter>
    </ClCompile>
    <ClCompile Include="..\libgambatte\libretro-common\file\file_path.c">
      <Filter>Source Files</Filter>
    </ClCompile>
    <ClCompile Include="..\libgambatte\libretro-common\file\file_path_io.c">
      <Filter>Source Files</Filter>
    </ClCompile>
    <ClCompile Include="..\libgambatte\libretro-common\string\stdstring.c">
      <Filter>Source Files</Filter>
    </ClCompile>
    <ClCompile Include="..\libgambatte\libretro-common\time\rtime.c">
      <Filter>Source Files</Filter>
    </ClCompile>
    <ClCompile Include="..\libgambatte\libretro-common\vfs\vfs_implementation.c">
      <Filter>Source Files</Filter>
    </ClCompile>
    <ClCompile Include="..\libgambatte\libretro-common\streams\file_stream.c">
      <Filter>Source Files</Filter>
    </ClCompile>
    <ClCompile Include="..\libgambatte\libretro-common\streams\file_stream_transforms.c">
      <Filter>Source Files</Filter>
    </ClCompile>
  </ItemGroup>
</Project>