Microsoft Visual Studio Solution File, Format Version 11.00
Project("{8BC9CEB8-8B4A-11D0-8D11-00A0C91BC942}") = "libcurl", "libcurl.vcxproj", "{DA6F56B4-06A4-441D-AD70-AC5A7D51FADB}"
EndProject
Global
	GlobalSection(SolutionConfigurationPlatforms) = preSolution
		Debug|Xbox 360 = Debug|Xbox 360
		Release|Xbox 360 = Release|Xbox 360
		Debug|Win32 = Debug|Win32
		Release|Win32 = Release|Win32
	EndGlobalSection
	GlobalSection(ProjectConfigurationPlatforms) = postSolution
		{DA6F56B4-06A4-441D-AD70-AC5A7D51FADB}.Debug|Xbox 360.ActiveCfg = Debug|Xbox 360
		{DA6F56B4-06A4-441D-AD70-AC5A7D51FADB}.Debug|Xbox 360.Build.0 = Debug|Xbox 360
		{DA6F56B4-06A4-441D-AD70-AC5A7D51FADB}.Release|Xbox 360.ActiveCfg = Release|Xbox 360
		{DA6F56B4-06A4-441D-AD70-AC5A7D51FADB}.Release|Xbox 360.Build.0 = Release|Xbox 360
		{DA6F56B4-06A4-441D-AD70-AC5A7D51FADB}.Debug|Win32.ActiveCfg = Debug|Win32
		{DA6F56B4-06A4-441D-AD70-AC5A7D51FADB}.Debug|Win32.Build.0 = Debug|Win32
		{DA6F56B4-06A4-441D-AD70-AC5A7D51FADB}.Release|Win32.ActiveCfg = Release|Win32
		{DA6F56B4-06A4-441D-AD70-AC5A7D51FADB}.Release|Win32.Build.0 = Release|Win32
	EndGlobalSection
	GlobalSection(SolutionProperties) = preSolution
		HideSolutionNode = FALSE
	EndGlobalSection
EndGlobal
