<?xml version="1.0" encoding="utf-8"?>
<Project ToolsVersion="4.0" xmlns="http://schemas.microsoft.com/developer/msbuild/2003">
  <ItemGroup>
    <Filter Include="Source Files">
      <UniqueIdentifier>{4FC737F1-C7A5-4376-A066-2A32D752A2FF}</UniqueIdentifier>
      <Extensions>cpp;c;cc;cxx;def;odl;idl;hpj;bat;asm;asmx</Extensions>
    </Filter>
    <Filter Include="Header Files">
      <UniqueIdentifier>{93995380-89BD-4b04-88EB-625FBE52EBFB}</UniqueIdentifier>
      <Extensions>h;hpp;hxx;hm;inl;inc;xsd</Extensions>
    </Filter>
    <Filter Include="Resource Files">
      <UniqueIdentifier>{67DA6AB6-F800-4c08-8B7A-83BB121AAD01}</UniqueIdentifier>
      <Extensions>rc;ico;cur;bmp;dlg;rc2;rct;bin;rgs;gif;jpg;jpeg;jpe;resx;tiff;tif;png;wav;mfcribbon-ms</Extensions>
    </Filter>
    <Filter Include="Source Files\core">
      <UniqueIdentifier>{b4a693fb-0b79-41cf-abc5-45ddce37c623}</UniqueIdentifier>
    </Filter>
    <Filter Include="Source Files\mednafen">
      <UniqueIdentifier>{67de13d3-8f97-489f-ba1f-32853aa8c6da}</UniqueIdentifier>
    </Filter>
    <Filter Include="Source Files\libretro-common">
      <UniqueIdentifier>{9f0c3083-5986-4b0d-9676-f3fa33c25fdb}</UniqueIdentifier>
    </Filter>
  </ItemGroup>
  <ItemGroup>
    <ClCompile Include="..\mednafen\wswan\comm.c">
      <Filter>Source Files\core</Filter>
    </ClCompile>
    <ClCompile Include="..\mednafen\wswan\eeprom.c">
      <Filter>Source Files\core</Filter>
    </ClCompile>
    <ClCompile Include="..\mednafen\wswan\gfx.c">
      <Filter>Source Files\core</Filter>
    </ClCompile>
    <ClCompile Include="..\mednafen\wswan\interrupt.c">
      <Filter>Source Files\core</Filter>
    </ClCompile>
    <ClCompile Include="..\mednafen\wswan\rtc.c">
      <Filter>Source Files\core</Filter>
    </ClCompile>
    <ClCompile Include="..\mednafen\wswan\sound.c">
      <Filter>Source Files\core</Filter>
    </ClCompile>
    <ClCompile Include="..\mednafen\wswan\tcache.c">
      <Filter>Source Files\core</Filter>
    </ClCompile>
    <ClCompile Include="..\mednafen\wswan\v30mz.c">
      <Filter>Source Files\core</Filter>
    </ClCompile>
    <ClCompile Include="..\mednafen\wswan\wswan-memory.c">
      <Filter>Source Files\core</Filter>
    </ClCompile>
    <ClCompile Include="..\mednafen\sound\Blip_Buffer.c">
      <Filter>Source Files\mednafen</Filter>
    </ClCompile>
    <ClCompile Include="..\mednafen\mempatcher.c">
      <Filter>Source Files\mednafen</Filter>
    </ClCompile>
    <ClCompile Include="..\mednafen\settings.c">
      <Filter>Source Files\mednafen</Filter>
    </ClCompile>
    <ClCompile Include="..\mednafen\state.c">
      <Filter>Source Files\mednafen</Filter>
    </ClCompile>
    <ClCompile Include="..\libretro.c">
      <Filter>Source Files</Filter>
    </ClCompile>
    <ClCompile Include="..\libretro-common\compat\compat_snprintf.c">
      <Filter>Source Files\libretro-common</Filter>
    </ClCompile>
    <ClCompile Include="..\libretro-common\compat\compat_strl.c">
      <Filter>Source Files\libretro-common</Filter>
    </ClCompile>
  </ItemGroup>
</Project>